
Microsoft Visual Studio Solution File, Format Version 12.00
# Visual Studio Version 17
VisualStudioVersion = 17.8.34408.163
MinimumVisualStudioVersion = 10.0.40219.1
Project("{FAE04EC0-301F-11D3-BF4B-00C04F79EFBC}") = "task1", "task1\task1.csproj", "{021B55B8-4F62-44B1-BD8F-D4303C568AA5}"
EndProject
Project("{FAE04EC0-301F-11D3-BF4B-00C04F79EFBC}") = "task2", "task2\task2.csproj", "{616785ED-8469-4AB8-9E3D-71C7F72F9342}"
EndProject
Project("{FAE04EC0-301F-11D3-BF4B-00C04F79EFBC}") = "task3", "task3\task3.csproj", "{4CEE4003-25CA-4442-AF01-35B17A60C92F}"
EndProject
Project("{FAE04EC0-301F-11D3-BF4B-00C04F79EFBC}") = "task4", "task4\task4.csproj", "{0E3121D5-D91F-4219-9328-9F38426D0860}"
EndProject
Project("{FAE04EC0-301F-11D3-BF4B-00C04F79EFBC}") = "task5", "task5\task5.csproj", "{AE84A4C7-71AC-46CF-BD89-6231682D091D}"
EndProject
Global
	GlobalSection(SolutionConfigurationPlatforms) = preSolution
		Debug|Any CPU = Debug|Any CPU
		Release|Any CPU = Release|Any CPU
	EndGlobalSection
	GlobalSection(ProjectConfigurationPlatforms) = postSolution
		{021B55B8-4F62-44B1-BD8F-D4303C568AA5}.Debug|Any CPU.ActiveCfg = Debug|Any CPU
		{021B55B8-4F62-44B1-BD8F-D4303C568AA5}.Debug|Any CPU.Build.0 = Debug|Any CPU
		{021B55B8-4F62-44B1-BD8F-D4303C568AA5}.Release|Any CPU.ActiveCfg = Release|Any CPU
		{021B55B8-4F62-44B1-BD8F-D4303C568AA5}.Release|Any CPU.Build.0 = Release|Any CPU
		{616785ED-8469-4AB8-9E3D-71C7F72F9342}.Debug|Any CPU.ActiveCfg = Debug|Any CPU
		{616785ED-8469-4AB8-9E3D-71C7F72F9342}.Debug|Any CPU.Build.0 = Debug|Any CPU
		{616785ED-8469-4AB8-9E3D-71C7F72F9342}.Release|Any CPU.ActiveCfg = Release|Any CPU
		{616785ED-8469-4AB8-9E3D-71C7F72F9342}.Release|Any CPU.Build.0 = Release|Any CPU
		{4CEE4003-25CA-4442-AF01-35B17A60C92F}.Debug|Any CPU.ActiveCfg = Debug|Any CPU
		{4CEE4003-25CA-4442-AF01-35B17A60C92F}.Debug|Any CPU.Build.0 = Debug|Any CPU
		{4CEE4003-25CA-4442-AF01-35B17A60C92F}.Release|Any CPU.ActiveCfg = Release|Any CPU
		{4CEE4003-25CA-4442-AF01-35B17A60C92F}.Release|Any CPU.Build.0 = Release|Any CPU
		{0E3121D5-D91F-4219-9328-9F38426D0860}.Debug|Any CPU.ActiveCfg = Debug|Any CPU
		{0E3121D5-D91F-4219-9328-9F38426D0860}.Debug|Any CPU.Build.0 = Debug|Any CPU
		{0E3121D5-D91F-4219-9328-9F38426D0860}.Release|Any CPU.ActiveCfg = Release|Any CPU
		{0E3121D5-D91F-4219-9328-9F38426D0860}.Release|Any CPU.Build.0 = Release|Any CPU
		{AE84A4C7-71AC-46CF-BD89-6231682D091D}.Debug|Any CPU.ActiveCfg = Debug|Any CPU
		{AE84A4C7-71AC-46CF-BD89-6231682D091D}.Debug|Any CPU.Build.0 = Debug|Any CPU
		{AE84A4C7-71AC-46CF-BD89-6231682D091D}.Release|Any CPU.ActiveCfg = Release|Any CPU
		{AE84A4C7-71AC-46CF-BD89-6231682D091D}.Release|Any CPU.Build.0 = Release|Any CPU
	EndGlobalSection
	GlobalSection(SolutionProperties) = preSolution
		HideSolutionNode = FALSE
	EndGlobalSection
	GlobalSection(ExtensibilityGlobals) = postSolution
		SolutionGuid = {BA360048-3708-4DAC-9A4E-A46011D6825F}
	EndGlobalSection
EndGlobal
